{
  "requires": true,
  "lockfileVersion": 1,
  "dependencies": {
    "english-verbs-irregular": {
      "version": "1.1.0",
      "resolved": "https://registry.npmjs.org/english-verbs-irregular/-/english-verbs-irregular-1.1.0.tgz",
      "integrity": "sha512-JSsHuwoYEaTEjVQFyDr1Q/eQWE8OSQWjqXs2yRj5erFvClOXTBle7ETR7/Lvqx1sMnAk5+Ne9UqBAOU27ycURA=="
    }
  }
}
